
Microsoft Visual Studio Solution File, Format Version 12.00
# Visual Studio 15
VisualStudioVersion = 15.0.27130.2010
MinimumVisualStudioVersion = 10.0.40219.1
Project("{FAE04EC0-301F-11D3-BF4B-00C04F79EFBC}") = "BinarySerialization2", "BinarySerialization2\BinarySerialization2.csproj", "{883E0646-7D49-4E50-B15F-D5A2CB435C65}"
EndProject
Project("{FAE04EC0-301F-11D3-BF4B-00C04F79EFBC}") = "Data2", "Data2\Data2.csproj", "{D568A1DB-B1FE-40EF-8A2A-9366E28988DC}"
EndProject
Global
	GlobalSection(SolutionConfigurationPlatforms) = preSolution
		Debug|Any CPU = Debug|Any CPU
		Release|Any CPU = Release|Any CPU
	EndGlobalSection
	GlobalSection(ProjectConfigurationPlatforms) = postSolution
		{883E0646-7D49-4E50-B15F-D5A2CB435C65}.Debug|Any CPU.ActiveCfg = Debug|Any CPU
		{883E0646-7D49-4E50-B15F-D5A2CB435C65}.Debug|Any CPU.Build.0 = Debug|Any CPU
		{883E0646-7D49-4E50-B15F-D5A2CB435C65}.Release|Any CPU.ActiveCfg = Release|Any CPU
		{883E0646-7D49-4E50-B15F-D5A2CB435C65}.Release|Any CPU.Build.0 = Release|Any CPU
		{D568A1DB-B1FE-40EF-8A2A-9366E28988DC}.Debug|Any CPU.ActiveCfg = Debug|Any CPU
		{D568A1DB-B1FE-40EF-8A2A-9366E28988DC}.Debug|Any CPU.Build.0 = Debug|Any CPU
		{D568A1DB-B1FE-40EF-8A2A-9366E28988DC}.Release|Any CPU.ActiveCfg = Release|Any CPU
		{D568A1DB-B1FE-40EF-8A2A-9366E28988DC}.Release|Any CPU.Build.0 = Release|Any CPU
	EndGlobalSection
	GlobalSection(SolutionProperties) = preSolution
		HideSolutionNode = FALSE
	EndGlobalSection
	GlobalSection(ExtensibilityGlobals) = postSolution
		SolutionGuid = {70AA1E2B-48B7-4E03-A950-09BC323C3C73}
	EndGlobalSection
EndGlobal
